
Microsoft Visual Studio Solution File, Format Version 12.00
# Visual Studio Version 17
VisualStudioVersion = 17.10.34916.146
MinimumVisualStudioVersion = 10.0.40219.1
Project("{FAE04EC0-301F-11D3-BF4B-00C04F79EFBC}") = "w22 Assignment", "w22 Assignment\w22 Assignment.csproj", "{C5B0F8AB-ED7F-4A7A-9EDC-E18B73D9DAB2}"
EndProject
Global
	GlobalSection(SolutionConfigurationPlatforms) = preSolution
		Debug|Any CPU = Debug|Any CPU
		Release|Any CPU = Release|Any CPU
	EndGlobalSection
	GlobalSection(ProjectConfigurationPlatforms) = postSolution
		{C5B0F8AB-ED7F-4A7A-9EDC-E18B73D9DAB2}.Debug|Any CPU.ActiveCfg = Debug|Any CPU
		{C5B0F8AB-ED7F-4A7A-9EDC-E18B73D9DAB2}.Debug|Any CPU.Build.0 = Debug|Any CPU
		{C5B0F8AB-ED7F-4A7A-9EDC-E18B73D9DAB2}.Release|Any CPU.ActiveCfg = Release|Any CPU
		{C5B0F8AB-ED7F-4A7A-9EDC-E18B73D9DAB2}.Release|Any CPU.Build.0 = Release|Any CPU
	EndGlobalSection
	GlobalSection(SolutionProperties) = preSolution
		HideSolutionNode = FALSE
	EndGlobalSection
	GlobalSection(ExtensibilityGlobals) = postSolution
		SolutionGuid = {D055166B-D985-4098-8502-638F2D6CC51A}
	EndGlobalSection
EndGlobal
